
Microsoft Visual Studio Solution File, Format Version 12.00
# Visual Studio 14
VisualStudioVersion = 14.0.25420.1
MinimumVisualStudioVersion = 10.0.40219.1
Project("{FAE04EC0-301F-11D3-BF4B-00C04F79EFBC}") = "dz1_1", "dz1\dz1_1.csproj", "{B972A9B5-09FA-496B-AAE1-F33C52D74EB6}"
EndProject
Project("{FAE04EC0-301F-11D3-BF4B-00C04F79EFBC}") = "dz1_2", "dz1_2\dz1_2.csproj", "{D4D8C31C-EDD8-4829-9CAB-087DC7BFB196}"
EndProject
Project("{FAE04EC0-301F-11D3-BF4B-00C04F79EFBC}") = "dz1_3", "dz1_3\dz1_3.csproj", "{01CB0AD3-E335-4239-AFB8-DD6373B28DEA}"
EndProject
Project("{FAE04EC0-301F-11D3-BF4B-00C04F79EFBC}") = "dz1_4", "dz1_4\dz1_4.csproj", "{21CCD078-A1CE-4F57-B6C6-D65CDD50DDC1}"
EndProject
Global
	GlobalSection(SolutionConfigurationPlatforms) = preSolution
		Debug|Any CPU = Debug|Any CPU
		Release|Any CPU = Release|Any CPU
	EndGlobalSection
	GlobalSection(ProjectConfigurationPlatforms) = postSolution
		{B972A9B5-09FA-496B-AAE1-F33C52D74EB6}.Debug|Any CPU.ActiveCfg = Debug|Any CPU
		{B972A9B5-09FA-496B-AAE1-F33C52D74EB6}.Debug|Any CPU.Build.0 = Debug|Any CPU
		{B972A9B5-09FA-496B-AAE1-F33C52D74EB6}.Release|Any CPU.ActiveCfg = Release|Any CPU
		{B972A9B5-09FA-496B-AAE1-F33C52D74EB6}.Release|Any CPU.Build.0 = Release|Any CPU
		{D4D8C31C-EDD8-4829-9CAB-087DC7BFB196}.Debug|Any CPU.ActiveCfg = Debug|Any CPU
		{D4D8C31C-EDD8-4829-9CAB-087DC7BFB196}.Debug|Any CPU.Build.0 = Debug|Any CPU
		{D4D8C31C-EDD8-4829-9CAB-087DC7BFB196}.Release|Any CPU.ActiveCfg = Release|Any CPU
		{D4D8C31C-EDD8-4829-9CAB-087DC7BFB196}.Release|Any CPU.Build.0 = Release|Any CPU
		{01CB0AD3-E335-4239-AFB8-DD6373B28DEA}.Debug|Any CPU.ActiveCfg = Debug|Any CPU
		{01CB0AD3-E335-4239-AFB8-DD6373B28DEA}.Debug|Any CPU.Build.0 = Debug|Any CPU
		{01CB0AD3-E335-4239-AFB8-DD6373B28DEA}.Release|Any CPU.ActiveCfg = Release|Any CPU
		{01CB0AD3-E335-4239-AFB8-DD6373B28DEA}.Release|Any CPU.Build.0 = Release|Any CPU
		{21CCD078-A1CE-4F57-B6C6-D65CDD50DDC1}.Debug|Any CPU.ActiveCfg = Debug|Any CPU
		{21CCD078-A1CE-4F57-B6C6-D65CDD50DDC1}.Debug|Any CPU.Build.0 = Debug|Any CPU
		{21CCD078-A1CE-4F57-B6C6-D65CDD50DDC1}.Release|Any CPU.ActiveCfg = Release|Any CPU
		{21CCD078-A1CE-4F57-B6C6-D65CDD50DDC1}.Release|Any CPU.Build.0 = Release|Any CPU
	EndGlobalSection
	GlobalSection(SolutionProperties) = preSolution
		HideSolutionNode = FALSE
	EndGlobalSection
EndGlobal
